
Microsoft Visual Studio Solution File, Format Version 12.00
# Visual Studio 15
Project("{FAE04EC0-301F-11D3-BF4B-00C04F79EFBC}") = "Assembly-CSharp", "Assembly-CSharp.csproj", "{8750E114-6EBB-09A5-9BCD-C2B1D3B1CED5}"
EndProject
Project("{FAE04EC0-301F-11D3-BF4B-00C04F79EFBC}") = "Assembly-CSharp-Editor", "Assembly-CSharp-Editor.csproj", "{D6D1A4C2-CD20-2965-A398-FBB161CD8265}"
EndProject
Global
	GlobalSection(SolutionConfigurationPlatforms) = preSolution
		Debug|Any CPU = Debug|Any CPU
		Release|Any CPU = Release|Any CPU
	EndGlobalSection
	GlobalSection(ProjectConfigurationPlatforms) = postSolution
		{8750E114-6EBB-09A5-9BCD-C2B1D3B1CED5}.Debug|Any CPU.ActiveCfg = Debug|Any CPU
		{8750E114-6EBB-09A5-9BCD-C2B1D3B1CED5}.Debug|Any CPU.Build.0 = Debug|Any CPU
		{8750E114-6EBB-09A5-9BCD-C2B1D3B1CED5}.Release|Any CPU.ActiveCfg = Release|Any CPU
		{8750E114-6EBB-09A5-9BCD-C2B1D3B1CED5}.Release|Any CPU.Build.0 = Release|Any CPU
		{D6D1A4C2-CD20-2965-A398-FBB161CD8265}.Debug|Any CPU.ActiveCfg = Debug|Any CPU
		{D6D1A4C2-CD20-2965-A398-FBB161CD8265}.Debug|Any CPU.Build.0 = Debug|Any CPU
		{D6D1A4C2-CD20-2965-A398-FBB161CD8265}.Release|Any CPU.ActiveCfg = Release|Any CPU
		{D6D1A4C2-CD20-2965-A398-FBB161CD8265}.Release|Any CPU.Build.0 = Release|Any CPU
	EndGlobalSection
	GlobalSection(SolutionProperties) = preSolution
		HideSolutionNode = FALSE
	EndGlobalSection
EndGlobal
